
Microsoft Visual Studio Solution File, Format Version 12.00
# Visual Studio Version 17
VisualStudioVersion = 17.0.32014.148
MinimumVisualStudioVersion = 10.0.40219.1
Project("{9A19103F-16F7-4668-BE54-9A1E7A4F7556}") = "EFDM.Abstractions", "EFDM.Abstractions\EFDM.Abstractions.csproj", "{780555FF-D516-4213-9388-B85BABF93577}"
EndProject
Project("{9A19103F-16F7-4668-BE54-9A1E7A4F7556}") = "EFDM.Core", "EFDM.Core\EFDM.Core.csproj", "{7DC6F01F-7CD0-4FD3-87E0-F37E7D3B958D}"
EndProject
Project("{2150E333-8FDC-42A3-9474-1A3956D46DE8}") = "Core", "Core", "{0D394CFD-EB0F-4A18-9B9F-C524574A04AF}"
EndProject
Project("{2150E333-8FDC-42A3-9474-1A3956D46DE8}") = "Test", "Test", "{454CD011-819A-49AE-BB2A-3DB2EAAF40B5}"
EndProject
Project("{00D1A9C2-B5F0-4AF3-8072-F6C62B433612}") = "EFDM.Test.Database", "Test\EFDM.Test.Database\EFDM.Test.Database.sqlproj", "{7757E80D-E570-47CE-A690-DCD453F692A6}"
EndProject
Project("{9A19103F-16F7-4668-BE54-9A1E7A4F7556}") = "EFDM.Test.Core", "Test\EFDM.Test.Core\EFDM.Test.Core.csproj", "{028DB63A-C1D3-46C4-A5DB-9C6CC295EDDA}"
EndProject
Project("{9A19103F-16F7-4668-BE54-9A1E7A4F7556}") = "EFDM.Test.IOC", "Test\EFDM.Test.IOC\EFDM.Test.IOC.csproj", "{6A8BC18D-C0CE-4987-BE69-2F2C8B408209}"
EndProject
Project("{9A19103F-16F7-4668-BE54-9A1E7A4F7556}") = "EFDM.Test.TestConsole", "Test\EFDM.Test.TestConsole\EFDM.Test.TestConsole.csproj", "{8BFE028B-AAA0-4735-B71B-0A8CFC09C2EF}"
EndProject
Global
	GlobalSection(SolutionConfigurationPlatforms) = preSolution
		Debug|Any CPU = Debug|Any CPU
		Release|Any CPU = Release|Any CPU
	EndGlobalSection
	GlobalSection(ProjectConfigurationPlatforms) = postSolution
		{780555FF-D516-4213-9388-B85BABF93577}.Debug|Any CPU.ActiveCfg = Debug|Any CPU
		{780555FF-D516-4213-9388-B85BABF93577}.Debug|Any CPU.Build.0 = Debug|Any CPU
		{780555FF-D516-4213-9388-B85BABF93577}.Release|Any CPU.ActiveCfg = Release|Any CPU
		{780555FF-D516-4213-9388-B85BABF93577}.Release|Any CPU.Build.0 = Release|Any CPU
		{7DC6F01F-7CD0-4FD3-87E0-F37E7D3B958D}.Debug|Any CPU.ActiveCfg = Debug|Any CPU
		{7DC6F01F-7CD0-4FD3-87E0-F37E7D3B958D}.Debug|Any CPU.Build.0 = Debug|Any CPU
		{7DC6F01F-7CD0-4FD3-87E0-F37E7D3B958D}.Release|Any CPU.ActiveCfg = Release|Any CPU
		{7DC6F01F-7CD0-4FD3-87E0-F37E7D3B958D}.Release|Any CPU.Build.0 = Release|Any CPU
		{7757E80D-E570-47CE-A690-DCD453F692A6}.Debug|Any CPU.ActiveCfg = Debug|Any CPU
		{7757E80D-E570-47CE-A690-DCD453F692A6}.Debug|Any CPU.Deploy.0 = Debug|Any CPU
		{7757E80D-E570-47CE-A690-DCD453F692A6}.Release|Any CPU.ActiveCfg = Release|Any CPU
		{7757E80D-E570-47CE-A690-DCD453F692A6}.Release|Any CPU.Build.0 = Release|Any CPU
		{7757E80D-E570-47CE-A690-DCD453F692A6}.Release|Any CPU.Deploy.0 = Release|Any CPU
		{028DB63A-C1D3-46C4-A5DB-9C6CC295EDDA}.Debug|Any CPU.ActiveCfg = Debug|Any CPU
		{028DB63A-C1D3-46C4-A5DB-9C6CC295EDDA}.Debug|Any CPU.Build.0 = Debug|Any CPU
		{028DB63A-C1D3-46C4-A5DB-9C6CC295EDDA}.Release|Any CPU.ActiveCfg = Release|Any CPU
		{028DB63A-C1D3-46C4-A5DB-9C6CC295EDDA}.Release|Any CPU.Build.0 = Release|Any CPU
		{6A8BC18D-C0CE-4987-BE69-2F2C8B408209}.Debug|Any CPU.ActiveCfg = Debug|Any CPU
		{6A8BC18D-C0CE-4987-BE69-2F2C8B408209}.Debug|Any CPU.Build.0 = Debug|Any CPU
		{6A8BC18D-C0CE-4987-BE69-2F2C8B408209}.Release|Any CPU.ActiveCfg = Release|Any CPU
		{6A8BC18D-C0CE-4987-BE69-2F2C8B408209}.Release|Any CPU.Build.0 = Release|Any CPU
		{8BFE028B-AAA0-4735-B71B-0A8CFC09C2EF}.Debug|Any CPU.ActiveCfg = Debug|Any CPU
		{8BFE028B-AAA0-4735-B71B-0A8CFC09C2EF}.Debug|Any CPU.Build.0 = Debug|Any CPU
		{8BFE028B-AAA0-4735-B71B-0A8CFC09C2EF}.Release|Any CPU.ActiveCfg = Release|Any CPU
		{8BFE028B-AAA0-4735-B71B-0A8CFC09C2EF}.Release|Any CPU.Build.0 = Release|Any CPU
	EndGlobalSection
	GlobalSection(SolutionProperties) = preSolution
		HideSolutionNode = FALSE
	EndGlobalSection
	GlobalSection(NestedProjects) = preSolution
		{780555FF-D516-4213-9388-B85BABF93577} = {0D394CFD-EB0F-4A18-9B9F-C524574A04AF}
		{7DC6F01F-7CD0-4FD3-87E0-F37E7D3B958D} = {0D394CFD-EB0F-4A18-9B9F-C524574A04AF}
		{7757E80D-E570-47CE-A690-DCD453F692A6} = {454CD011-819A-49AE-BB2A-3DB2EAAF40B5}
		{028DB63A-C1D3-46C4-A5DB-9C6CC295EDDA} = {454CD011-819A-49AE-BB2A-3DB2EAAF40B5}
		{6A8BC18D-C0CE-4987-BE69-2F2C8B408209} = {454CD011-819A-49AE-BB2A-3DB2EAAF40B5}
		{8BFE028B-AAA0-4735-B71B-0A8CFC09C2EF} = {454CD011-819A-49AE-BB2A-3DB2EAAF40B5}
	EndGlobalSection
	GlobalSection(ExtensibilityGlobals) = postSolution
		SolutionGuid = {51A7A5AA-331A-4540-86C2-A03FDA9101FE}
	EndGlobalSection
EndGlobal
